<Solution>
  <Folder Name="/Repo/">
    <File Path=".gitattributes" />
    <File Path=".gitignore" />
    <File Path="LICENSE.txt" />
    <File Path="README.md" />
  </Folder>
  <Folder Name="/Samples/" />
  <Folder Name="/Samples/INPC/">
    <Project Path="Samples/INPC/INPCDemo/INPCDemo.csproj" Id="7f86b4b5-f60a-42c5-9e9b-a64b7dd392d4" />
  </Folder>
  <Folder Name="/Src/">
    <Project Path="Src/PartialCraft.CSharp.csproj" />
  </Folder>
</Solution>
